<?xml version="1.0" encoding="UTF-8"?>
<!DOCTYPE plist PUBLIC "-//Apple//DTD PLIST 1.0//EN" "http://www.apple.com/DTDs/PropertyList-1.0.dtd">
<plist version="1.0">
<dict>
	<key>archiveVersion</key>
	<string>1</string>
	<key>classes</key>
	<dict/>
	<key>objectVersion</key>
	<string>46</string>
	<key>objects</key>
	<dict>
		<key>0C8775B881694AB8A0679A52</key>
		<dict>
			<key>fileRef</key>
			<string>42F417BB1E1843FEBA11CCC7</string>
			<key>isa</key>
			<string>PBXBuildFile</string>
		</dict>
		<key>1FD5CFF6E9D640CFA120A746</key>
		<dict>
			<key>includeInIndex</key>
			<string>1</string>
			<key>isa</key>
			<string>PBXFileReference</string>
			<key>lastKnownFileType</key>
			<string>text.xcconfig</string>
			<key>name</key>
			<string>Pods.xcconfig</string>
			<key>path</key>
			<string>Pods/Pods.xcconfig</string>
			<key>sourceTree</key>
			<string>&lt;group&gt;</string>
		</dict>
		<key>42F417BB1E1843FEBA11CCC7</key>
		<dict>
			<key>explicitFileType</key>
			<string>archive.ar</string>
			<key>includeInIndex</key>
			<string>0</string>
			<key>isa</key>
			<string>PBXFileReference</string>
			<key>path</key>
			<string>libPods.a</string>
			<key>sourceTree</key>
			<string>BUILT_PRODUCTS_DIR</string>
		</dict>
		<key>5E75E61529884F13ABC62E42</key>
		<dict>
			<key>buildActionMask</key>
			<string>2147483647</string>
			<key>files</key>
			<array/>
			<key>inputPaths</key>
			<array/>
			<key>isa</key>
			<string>PBXShellScriptBuildPhase</string>
			<key>name</key>
			<string>Check Pods Manifest.lock</string>
			<key>outputPaths</key>
			<array/>
			<key>runOnlyForDeploymentPostprocessing</key>
			<string>0</string>
			<key>shellPath</key>
			<string>/bin/sh</string>
			<key>shellScript</key>
			<string>diff "${PODS_ROOT}/../Podfile.lock" "${PODS_ROOT}/Manifest.lock" &gt; /dev/null
if [[ $? != 0 ]] ; then
    cat &lt;&lt; EOM
error: The sandbox is not in sync with the Podfile.lock. Run 'pod install' or update your CocoaPods installation.
EOM
    exit 1
fi
</string>
			<key>showEnvVarsInLog</key>
			<string>0</string>
		</dict>
		<key>637138B917534772AA686CE7</key>
		<dict>
			<key>buildActionMask</key>
			<string>2147483647</string>
			<key>files</key>
			<array/>
			<key>inputPaths</key>
			<array/>
			<key>isa</key>
			<string>PBXShellScriptBuildPhase</string>
			<key>name</key>
			<string>Copy Pods Resources</string>
			<key>outputPaths</key>
			<array/>
			<key>runOnlyForDeploymentPostprocessing</key>
			<string>0</string>
			<key>shellPath</key>
			<string>/bin/sh</string>
			<key>shellScript</key>
			<string>"${SRCROOT}/Pods/Pods-resources.sh"
</string>
			<key>showEnvVarsInLog</key>
			<string>0</string>
		</dict>
		<key>8375DD351855C383009435B4</key>
		<dict>
			<key>buildConfigurationList</key>
			<string>8375DD441855C383009435B4</string>
			<key>buildPhases</key>
			<array>
				<string>8375DD361855C383009435B4</string>
				<string>8375DD3B1855C383009435B4</string>
				<string>8375DD3F1855C383009435B4</string>
			</array>
			<key>buildRules</key>
			<array/>
			<key>dependencies</key>
			<array/>
			<key>isa</key>
			<string>PBXNativeTarget</string>
			<key>name</key>
			<string>Digipost-Staging Enterprise</string>
			<key>productName</key>
			<string>Digipost</string>
			<key>productReference</key>
			<string>8375DD471855C383009435B4</string>
			<key>productType</key>
			<string>com.apple.product-type.application</string>
		</dict>
		<key>8375DD361855C383009435B4</key>
		<dict>
			<key>buildActionMask</key>
			<string>2147483647</string>
			<key>files</key>
			<array>
				<string>8375DD371855C383009435B4</string>
				<string>8375DD381855C383009435B4</string>
				<string>8375DD391855C383009435B4</string>
				<string>8375DD3A1855C383009435B4</string>
			</array>
			<key>isa</key>
			<string>PBXSourcesBuildPhase</string>
			<key>runOnlyForDeploymentPostprocessing</key>
			<string>0</string>
		</dict>
		<key>8375DD371855C383009435B4</key>
		<dict>
			<key>fileRef</key>
			<string>83BAB9371855C0AD004A7BFB</string>
			<key>isa</key>
			<string>PBXBuildFile</string>
		</dict>
		<key>8375DD381855C383009435B4</key>
		<dict>
			<key>fileRef</key>
			<string>83BAB9271855C0AC004A7BFB</string>
			<key>isa</key>
			<string>PBXBuildFile</string>
		</dict>
		<key>8375DD391855C383009435B4</key>
		<dict>
			<key>fileRef</key>
			<string>83BAB92B1855C0AC004A7BFB</string>
			<key>isa</key>
			<string>PBXBuildFile</string>
		</dict>
		<key>8375DD3A1855C383009435B4</key>
		<dict>
			<key>fileRef</key>
			<string>83BAB9341855C0AC004A7BFB</string>
			<key>isa</key>
			<string>PBXBuildFile</string>
		</dict>
		<key>8375DD3B1855C383009435B4</key>
		<dict>
			<key>buildActionMask</key>
			<string>2147483647</string>
			<key>files</key>
			<array>
				<string>8375DD3C1855C383009435B4</string>
				<string>8375DD3D1855C383009435B4</string>
				<string>8375DD3E1855C383009435B4</string>
			</array>
			<key>isa</key>
			<string>PBXFrameworksBuildPhase</string>
			<key>runOnlyForDeploymentPostprocessing</key>
			<string>0</string>
		</dict>
		<key>8375DD3C1855C383009435B4</key>
		<dict>
			<key>fileRef</key>
			<string>83BAB91D1855C0AC004A7BFB</string>
			<key>isa</key>
			<string>PBXBuildFile</string>
		</dict>
		<key>8375DD3D1855C383009435B4</key>
		<dict>
			<key>fileRef</key>
			<string>83BAB91F1855C0AC004A7BFB</string>
			<key>isa</key>
			<string>PBXBuildFile</string>
		</dict>
		<key>8375DD3E1855C383009435B4</key>
		<dict>
			<key>fileRef</key>
			<string>83BAB91B1855C0AC004A7BFB</string>
			<key>isa</key>
			<string>PBXBuildFile</string>
		</dict>
		<key>8375DD3F1855C383009435B4</key>
		<dict>
			<key>buildActionMask</key>
			<string>2147483647</string>
			<key>files</key>
			<array>
				<string>8375DD401855C383009435B4</string>
				<string>8375DD411855C383009435B4</string>
				<string>8375DD421855C383009435B4</string>
				<string>8375DD431855C383009435B4</string>
			</array>
			<key>isa</key>
			<string>PBXResourcesBuildPhase</string>
			<key>runOnlyForDeploymentPostprocessing</key>
			<string>0</string>
		</dict>
		<key>8375DD401855C383009435B4</key>
		<dict>
			<key>fileRef</key>
			<string>83BAB9301855C0AC004A7BFB</string>
			<key>isa</key>
			<string>PBXBuildFile</string>
		</dict>
		<key>8375DD411855C383009435B4</key>
		<dict>
			<key>fileRef</key>
			<string>83BAB9391855C0AD004A7BFB</string>
			<key>isa</key>
			<string>PBXBuildFile</string>
		</dict>
		<key>8375DD421855C383009435B4</key>
		<dict>
			<key>fileRef</key>
			<string>83BAB92D1855C0AC004A7BFB</string>
			<key>isa</key>
			<string>PBXBuildFile</string>
		</dict>
		<key>8375DD431855C383009435B4</key>
		<dict>
			<key>fileRef</key>
			<string>83BAB9241855C0AC004A7BFB</string>
			<key>isa</key>
			<string>PBXBuildFile</string>
		</dict>
		<key>8375DD441855C383009435B4</key>
		<dict>
			<key>buildConfigurations</key>
			<array>
				<string>8375DD451855C383009435B4</string>
				<string>8375DD461855C383009435B4</string>
			</array>
			<key>defaultConfigurationIsVisible</key>
			<string>0</string>
			<key>defaultConfigurationName</key>
			<string>Release</string>
			<key>isa</key>
			<string>XCConfigurationList</string>
		</dict>
		<key>8375DD451855C383009435B4</key>
		<dict>
			<key>buildSettings</key>
			<dict>
				<key>ASSETCATALOG_COMPILER_APPICON_NAME</key>
				<string>AppIcon</string>
				<key>ASSETCATALOG_COMPILER_LAUNCHIMAGE_NAME</key>
				<string>LaunchImage</string>
				<key>CODE_SIGN_IDENTITY</key>
				<string>iPhone Developer</string>
				<key>CODE_SIGN_IDENTITY[sdk=iphoneos*]</key>
				<string>iPhone Developer</string>
				<key>GCC_PRECOMPILE_PREFIX_HEADER</key>
				<string>YES</string>
				<key>GCC_PREFIX_HEADER</key>
				<string>Digipost/Digipost-Prefix.pch</string>
				<key>INFOPLIST_FILE</key>
				<string>$(SRCROOT)/Digipost/Digipost-Staging-Enterprise-Info.plist</string>
				<key>PRODUCT_NAME</key>
				<string>Digipost-Staging</string>
				<key>PROVISIONING_PROFILE</key>
				<string></string>
				<key>WRAPPER_EXTENSION</key>
				<string>app</string>
			</dict>
			<key>isa</key>
			<string>XCBuildConfiguration</string>
			<key>name</key>
			<string>Debug</string>
		</dict>
		<key>8375DD461855C383009435B4</key>
		<dict>
			<key>buildSettings</key>
			<dict>
				<key>ASSETCATALOG_COMPILER_APPICON_NAME</key>
				<string>AppIcon</string>
				<key>ASSETCATALOG_COMPILER_LAUNCHIMAGE_NAME</key>
				<string>LaunchImage</string>
				<key>CODE_SIGN_IDENTITY</key>
				<string>iPhone Developer</string>
				<key>CODE_SIGN_IDENTITY[sdk=iphoneos*]</key>
				<string>iPhone Developer</string>
				<key>GCC_PRECOMPILE_PREFIX_HEADER</key>
				<string>YES</string>
				<key>GCC_PREFIX_HEADER</key>
				<string>Digipost/Digipost-Prefix.pch</string>
				<key>INFOPLIST_FILE</key>
				<string>$(SRCROOT)/Digipost/Digipost-Staging-Enterprise-Info.plist</string>
				<key>PRODUCT_NAME</key>
				<string>Digipost-Staging</string>
				<key>PROVISIONING_PROFILE</key>
				<string></string>
				<key>WRAPPER_EXTENSION</key>
				<string>app</string>
			</dict>
			<key>isa</key>
			<string>XCBuildConfiguration</string>
			<key>name</key>
			<string>Release</string>
		</dict>
		<key>8375DD471855C383009435B4</key>
		<dict>
			<key>explicitFileType</key>
			<string>wrapper.application</string>
			<key>includeInIndex</key>
			<string>0</string>
			<key>isa</key>
			<string>PBXFileReference</string>
			<key>path</key>
			<string>Digipost-Staging.app</string>
			<key>sourceTree</key>
			<string>BUILT_PRODUCTS_DIR</string>
		</dict>
		<key>83A31AF91855D706007045B9</key>
		<dict>
			<key>buildConfigurationList</key>
			<string>83A31B081855D706007045B9</string>
			<key>buildPhases</key>
			<array>
				<string>A63ABFE4BDB4469FA891B1A2</string>
				<string>83A31AFA1855D706007045B9</string>
				<string>83A31AFF1855D706007045B9</string>
				<string>83A31B031855D706007045B9</string>
				<string>637138B917534772AA686CE7</string>
			</array>
			<key>buildRules</key>
			<array/>
			<key>dependencies</key>
			<array/>
			<key>isa</key>
			<string>PBXNativeTarget</string>
			<key>name</key>
			<string>Digipost-Enterprise</string>
			<key>productName</key>
			<string>Digipost</string>
			<key>productReference</key>
			<string>83A31B0B1855D706007045B9</string>
			<key>productType</key>
			<string>com.apple.product-type.application</string>
		</dict>
		<key>83A31AFA1855D706007045B9</key>
		<dict>
			<key>buildActionMask</key>
			<string>2147483647</string>
			<key>files</key>
			<array>
				<string>83A31AFB1855D706007045B9</string>
				<string>83A31AFC1855D706007045B9</string>
				<string>83A31AFD1855D706007045B9</string>
				<string>83A31AFE1855D706007045B9</string>
			</array>
			<key>isa</key>
			<string>PBXSourcesBuildPhase</string>
			<key>runOnlyForDeploymentPostprocessing</key>
			<string>0</string>
		</dict>
		<key>83A31AFB1855D706007045B9</key>
		<dict>
			<key>fileRef</key>
			<string>83BAB9371855C0AD004A7BFB</string>
			<key>isa</key>
			<string>PBXBuildFile</string>
		</dict>
		<key>83A31AFC1855D706007045B9</key>
		<dict>
			<key>fileRef</key>
			<string>83BAB9271855C0AC004A7BFB</string>
			<key>isa</key>
			<string>PBXBuildFile</string>
		</dict>
		<key>83A31AFD1855D706007045B9</key>
		<dict>
			<key>fileRef</key>
			<string>83BAB92B1855C0AC004A7BFB</string>
			<key>isa</key>
			<string>PBXBuildFile</string>
		</dict>
		<key>83A31AFE1855D706007045B9</key>
		<dict>
			<key>fileRef</key>
			<string>83BAB9341855C0AC004A7BFB</string>
			<key>isa</key>
			<string>PBXBuildFile</string>
		</dict>
		<key>83A31AFF1855D706007045B9</key>
		<dict>
			<key>buildActionMask</key>
			<string>2147483647</string>
			<key>files</key>
			<array>
				<string>83A31B001855D706007045B9</string>
				<string>83A31B011855D706007045B9</string>
				<string>83A31B021855D706007045B9</string>
				<string>0C8775B881694AB8A0679A52</string>
			</array>
			<key>isa</key>
			<string>PBXFrameworksBuildPhase</string>
			<key>runOnlyForDeploymentPostprocessing</key>
			<string>0</string>
		</dict>
		<key>83A31B001855D706007045B9</key>
		<dict>
			<key>fileRef</key>
			<string>83BAB91D1855C0AC004A7BFB</string>
			<key>isa</key>
			<string>PBXBuildFile</string>
		</dict>
		<key>83A31B011855D706007045B9</key>
		<dict>
			<key>fileRef</key>
			<string>83BAB91F1855C0AC004A7BFB</string>
			<key>isa</key>
			<string>PBXBuildFile</string>
		</dict>
		<key>83A31B021855D706007045B9</key>
		<dict>
			<key>fileRef</key>
			<string>83BAB91B1855C0AC004A7BFB</string>
			<key>isa</key>
			<string>PBXBuildFile</string>
		</dict>
		<key>83A31B031855D706007045B9</key>
		<dict>
			<key>buildActionMask</key>
			<string>2147483647</string>
			<key>files</key>
			<array>
				<string>83A31B041855D706007045B9</string>
				<string>83A31B051855D706007045B9</string>
				<string>83A31B061855D706007045B9</string>
				<string>83A31B071855D706007045B9</string>
			</array>
			<key>isa</key>
			<string>PBXResourcesBuildPhase</string>
			<key>runOnlyForDeploymentPostprocessing</key>
			<string>0</string>
		</dict>
		<key>83A31B041855D706007045B9</key>
		<dict>
			<key>fileRef</key>
			<string>83BAB9301855C0AC004A7BFB</string>
			<key>isa</key>
			<string>PBXBuildFile</string>
		</dict>
		<key>83A31B051855D706007045B9</key>
		<dict>
			<key>fileRef</key>
			<string>83BAB9391855C0AD004A7BFB</string>
			<key>isa</key>
			<string>PBXBuildFile</string>
		</dict>
		<key>83A31B061855D706007045B9</key>
		<dict>
			<key>fileRef</key>
			<string>83BAB92D1855C0AC004A7BFB</string>
			<key>isa</key>
			<string>PBXBuildFile</string>
		</dict>
		<key>83A31B071855D706007045B9</key>
		<dict>
			<key>fileRef</key>
			<string>83BAB9241855C0AC004A7BFB</string>
			<key>isa</key>
			<string>PBXBuildFile</string>
		</dict>
		<key>83A31B081855D706007045B9</key>
		<dict>
			<key>buildConfigurations</key>
			<array>
				<string>83A31B091855D706007045B9</string>
				<string>83A31B0A1855D706007045B9</string>
			</array>
			<key>defaultConfigurationIsVisible</key>
			<string>0</string>
			<key>defaultConfigurationName</key>
			<string>Release</string>
			<key>isa</key>
			<string>XCConfigurationList</string>
		</dict>
		<key>83A31B091855D706007045B9</key>
		<dict>
			<key>baseConfigurationReference</key>
			<string>1FD5CFF6E9D640CFA120A746</string>
			<key>buildSettings</key>
			<dict>
				<key>ASSETCATALOG_COMPILER_APPICON_NAME</key>
				<string>AppIcon</string>
				<key>ASSETCATALOG_COMPILER_LAUNCHIMAGE_NAME</key>
				<string>LaunchImage</string>
				<key>CODE_SIGN_IDENTITY</key>
				<string>iPhone Developer</string>
				<key>CODE_SIGN_IDENTITY[sdk=iphoneos*]</key>
				<string>iPhone Developer</string>
				<key>GCC_PRECOMPILE_PREFIX_HEADER</key>
				<string>YES</string>
				<key>GCC_PREFIX_HEADER</key>
				<string>Digipost/Digipost-Prefix.pch</string>
				<key>INFOPLIST_FILE</key>
				<string>Digipost/Digipost-Enterprise-Info.plist</string>
				<key>PRODUCT_NAME</key>
				<string>Digipost-Enterprise</string>
				<key>PROVISIONING_PROFILE</key>
				<string></string>
				<key>WRAPPER_EXTENSION</key>
				<string>app</string>
			</dict>
			<key>isa</key>
			<string>XCBuildConfiguration</string>
			<key>name</key>
			<string>Debug</string>
		</dict>
		<key>83A31B0A1855D706007045B9</key>
		<dict>
			<key>baseConfigurationReference</key>
			<string>1FD5CFF6E9D640CFA120A746</string>
			<key>buildSettings</key>
			<dict>
				<key>ASSETCATALOG_COMPILER_APPICON_NAME</key>
				<string>AppIcon</string>
				<key>ASSETCATALOG_COMPILER_LAUNCHIMAGE_NAME</key>
				<string>LaunchImage</string>
				<key>CODE_SIGN_IDENTITY</key>
				<string>iPhone Developer</string>
				<key>CODE_SIGN_IDENTITY[sdk=iphoneos*]</key>
				<string>iPhone Developer</string>
				<key>GCC_PRECOMPILE_PREFIX_HEADER</key>
				<string>YES</string>
				<key>GCC_PREFIX_HEADER</key>
				<string>Digipost/Digipost-Prefix.pch</string>
				<key>INFOPLIST_FILE</key>
				<string>Digipost/Digipost-Enterprise-Info.plist</string>
				<key>PRODUCT_NAME</key>
				<string>Digipost-Enterprise</string>
				<key>PROVISIONING_PROFILE</key>
				<string></string>
				<key>WRAPPER_EXTENSION</key>
				<string>app</string>
			</dict>
			<key>isa</key>
			<string>XCBuildConfiguration</string>
			<key>name</key>
			<string>Release</string>
		</dict>
		<key>83A31B0B1855D706007045B9</key>
		<dict>
			<key>explicitFileType</key>
			<string>wrapper.application</string>
			<key>includeInIndex</key>
			<string>0</string>
			<key>isa</key>
			<string>PBXFileReference</string>
			<key>path</key>
			<string>Digipost-Enterprise.app</string>
			<key>sourceTree</key>
			<string>BUILT_PRODUCTS_DIR</string>
		</dict>
		<key>83A31B0F1855D919007045B9</key>
		<dict>
			<key>isa</key>
			<string>PBXFileReference</string>
			<key>lastKnownFileType</key>
			<string>text.plist.xml</string>
			<key>path</key>
			<string>Digipost-Enterprise-Info.plist</string>
			<key>sourceTree</key>
			<string>&lt;group&gt;</string>
		</dict>
		<key>83A31B101855D919007045B9</key>
		<dict>
			<key>isa</key>
			<string>PBXFileReference</string>
			<key>lastKnownFileType</key>
			<string>text.plist.xml</string>
			<key>path</key>
			<string>Digipost-Staging-Enterprise-Info.plist</string>
			<key>sourceTree</key>
			<string>&lt;group&gt;</string>
		</dict>
		<key>83BAB90F1855C0AC004A7BFB</key>
		<dict>
			<key>children</key>
			<array>
				<string>83BAB9211855C0AC004A7BFB</string>
				<string>83BAB9461855C0AD004A7BFB</string>
				<string>83BAB91A1855C0AC004A7BFB</string>
				<string>83BAB9191855C0AC004A7BFB</string>
				<string>1FD5CFF6E9D640CFA120A746</string>
			</array>
			<key>isa</key>
			<string>PBXGroup</string>
			<key>sourceTree</key>
			<string>&lt;group&gt;</string>
		</dict>
		<key>83BAB9101855C0AC004A7BFB</key>
		<dict>
			<key>attributes</key>
			<dict>
				<key>CLASSPREFIX</key>
				<string>SHC</string>
				<key>LastUpgradeCheck</key>
				<string>0500</string>
				<key>ORGANIZATIONNAME</key>
				<string>Shortcut</string>
				<key>TargetAttributes</key>
				<dict>
					<key>8375DD351855C383009435B4</key>
					<dict>
						<key>DevelopmentTeam</key>
						<string>KMS8B8MK42</string>
					</dict>
					<key>83A31AF91855D706007045B9</key>
					<dict>
						<key>DevelopmentTeam</key>
						<string>KMS8B8MK42</string>
					</dict>
					<key>83BAB9171855C0AC004A7BFB</key>
					<dict>
						<key>DevelopmentTeam</key>
						<string>4E3PDM5H84</string>
						<key>SystemCapabilities</key>
						<dict>
							<key>com.apple.DataProtection</key>
							<dict>
								<key>enabled</key>
								<string>1</string>
							</dict>
						</dict>
					</dict>
					<key>83BAB93E1855C0AD004A7BFB</key>
					<dict>
						<key>TestTargetID</key>
						<string>83BAB9171855C0AC004A7BFB</string>
					</dict>
				</dict>
			</dict>
			<key>buildConfigurationList</key>
			<string>83BAB9131855C0AC004A7BFB</string>
			<key>compatibilityVersion</key>
			<string>Xcode 3.2</string>
			<key>developmentRegion</key>
			<string>English</string>
			<key>hasScannedForEncodings</key>
			<string>0</string>
			<key>isa</key>
			<string>PBXProject</string>
			<key>knownRegions</key>
			<array>
				<string>en</string>
				<string>Base</string>
			</array>
			<key>mainGroup</key>
			<string>83BAB90F1855C0AC004A7BFB</string>
			<key>productRefGroup</key>
			<string>83BAB9191855C0AC004A7BFB</string>
			<key>projectDirPath</key>
			<string></string>
			<key>projectReferences</key>
			<array/>
			<key>projectRoot</key>
			<string></string>
			<key>targets</key>
			<array>
				<string>83BAB9171855C0AC004A7BFB</string>
				<string>83A31AF91855D706007045B9</string>
				<string>8375DD351855C383009435B4</string>
				<string>83BAB93E1855C0AD004A7BFB</string>
			</array>
		</dict>
		<key>83BAB9131855C0AC004A7BFB</key>
		<dict>
			<key>buildConfigurations</key>
			<array>
				<string>83BAB94E1855C0AD004A7BFB</string>
				<string>83BAB94F1855C0AD004A7BFB</string>
			</array>
			<key>defaultConfigurationIsVisible</key>
			<string>0</string>
			<key>defaultConfigurationName</key>
			<string>Release</string>
			<key>isa</key>
			<string>XCConfigurationList</string>
		</dict>
		<key>83BAB9141855C0AC004A7BFB</key>
		<dict>
			<key>buildActionMask</key>
			<string>2147483647</string>
			<key>files</key>
			<array>
				<string>83BAB9381855C0AD004A7BFB</string>
				<string>83BAB9281855C0AC004A7BFB</string>
				<string>83BAB92C1855C0AC004A7BFB</string>
				<string>83BAB9351855C0AC004A7BFB</string>
			</array>
			<key>isa</key>
			<string>PBXSourcesBuildPhase</string>
			<key>runOnlyForDeploymentPostprocessing</key>
			<string>0</string>
		</dict>
		<key>83BAB9151855C0AC004A7BFB</key>
		<dict>
			<key>buildActionMask</key>
			<string>2147483647</string>
			<key>files</key>
			<array>
				<string>83BAB91E1855C0AC004A7BFB</string>
				<string>83BAB9201855C0AC004A7BFB</string>
				<string>83BAB91C1855C0AC004A7BFB</string>
				<string>B53E0CB674C74B2995E8222D</string>
			</array>
			<key>isa</key>
			<string>PBXFrameworksBuildPhase</string>
			<key>runOnlyForDeploymentPostprocessing</key>
			<string>0</string>
		</dict>
		<key>83BAB9161855C0AC004A7BFB</key>
		<dict>
			<key>buildActionMask</key>
			<string>2147483647</string>
			<key>files</key>
			<array>
				<string>83BAB9321855C0AC004A7BFB</string>
				<string>83BAB93A1855C0AD004A7BFB</string>
				<string>83BAB92F1855C0AC004A7BFB</string>
				<string>83BAB9261855C0AC004A7BFB</string>
			</array>
			<key>isa</key>
			<string>PBXResourcesBuildPhase</string>
			<key>runOnlyForDeploymentPostprocessing</key>
			<string>0</string>
		</dict>
		<key>83BAB9171855C0AC004A7BFB</key>
		<dict>
			<key>buildConfigurationList</key>
			<string>83BAB9501855C0AD004A7BFB</string>
			<key>buildPhases</key>
			<array>
				<string>5E75E61529884F13ABC62E42</string>
				<string>83BAB9141855C0AC004A7BFB</string>
				<string>83BAB9151855C0AC004A7BFB</string>
				<string>83BAB9161855C0AC004A7BFB</string>
				<string>E902CF5D7D404E379E086565</string>
			</array>
			<key>buildRules</key>
			<array/>
			<key>dependencies</key>
			<array/>
			<key>isa</key>
			<string>PBXNativeTarget</string>
			<key>name</key>
			<string>Digipost</string>
			<key>productName</key>
			<string>Digipost</string>
			<key>productReference</key>
			<string>83BAB9181855C0AC004A7BFB</string>
			<key>productType</key>
			<string>com.apple.product-type.application</string>
		</dict>
		<key>83BAB9181855C0AC004A7BFB</key>
		<dict>
			<key>explicitFileType</key>
			<string>wrapper.application</string>
			<key>includeInIndex</key>
			<string>0</string>
			<key>isa</key>
			<string>PBXFileReference</string>
			<key>path</key>
			<string>Digipost.app</string>
			<key>sourceTree</key>
			<string>BUILT_PRODUCTS_DIR</string>
		</dict>
		<key>83BAB9191855C0AC004A7BFB</key>
		<dict>
			<key>children</key>
			<array>
				<string>83BAB9181855C0AC004A7BFB</string>
				<string>83BAB93F1855C0AD004A7BFB</string>
				<string>8375DD471855C383009435B4</string>
				<string>83A31B0B1855D706007045B9</string>
			</array>
			<key>isa</key>
			<string>PBXGroup</string>
			<key>name</key>
			<string>Products</string>
			<key>sourceTree</key>
			<string>&lt;group&gt;</string>
		</dict>
		<key>83BAB91A1855C0AC004A7BFB</key>
		<dict>
			<key>children</key>
			<array>
				<string>83BAB91B1855C0AC004A7BFB</string>
				<string>83BAB91D1855C0AC004A7BFB</string>
				<string>83BAB91F1855C0AC004A7BFB</string>
				<string>83BAB9401855C0AD004A7BFB</string>
				<string>42F417BB1E1843FEBA11CCC7</string>
			</array>
			<key>isa</key>
			<string>PBXGroup</string>
			<key>name</key>
			<string>Frameworks</string>
			<key>sourceTree</key>
			<string>&lt;group&gt;</string>
		</dict>
		<key>83BAB91B1855C0AC004A7BFB</key>
		<dict>
			<key>isa</key>
			<string>PBXFileReference</string>
			<key>lastKnownFileType</key>
			<string>wrapper.framework</string>
			<key>name</key>
			<string>Foundation.framework</string>
			<key>path</key>
			<string>System/Library/Frameworks/Foundation.framework</string>
			<key>sourceTree</key>
			<string>SDKROOT</string>
		</dict>
		<key>83BAB91C1855C0AC004A7BFB</key>
		<dict>
			<key>fileRef</key>
			<string>83BAB91B1855C0AC004A7BFB</string>
			<key>isa</key>
			<string>PBXBuildFile</string>
		</dict>
		<key>83BAB91D1855C0AC004A7BFB</key>
		<dict>
			<key>isa</key>
			<string>PBXFileReference</string>
			<key>lastKnownFileType</key>
			<string>wrapper.framework</string>
			<key>name</key>
			<string>CoreGraphics.framework</string>
			<key>path</key>
			<string>System/Library/Frameworks/CoreGraphics.framework</string>
			<key>sourceTree</key>
			<string>SDKROOT</string>
		</dict>
		<key>83BAB91E1855C0AC004A7BFB</key>
		<dict>
			<key>fileRef</key>
			<string>83BAB91D1855C0AC004A7BFB</string>
			<key>isa</key>
			<string>PBXBuildFile</string>
		</dict>
		<key>83BAB91F1855C0AC004A7BFB</key>
		<dict>
			<key>isa</key>
			<string>PBXFileReference</string>
			<key>lastKnownFileType</key>
			<string>wrapper.framework</string>
			<key>name</key>
			<string>UIKit.framework</string>
			<key>path</key>
			<string>System/Library/Frameworks/UIKit.framework</string>
			<key>sourceTree</key>
			<string>SDKROOT</string>
		</dict>
		<key>83BAB9201855C0AC004A7BFB</key>
		<dict>
			<key>fileRef</key>
			<string>83BAB91F1855C0AC004A7BFB</string>
			<key>isa</key>
			<string>PBXBuildFile</string>
		</dict>
		<key>83BAB9211855C0AC004A7BFB</key>
		<dict>
			<key>children</key>
			<array>
				<string>83F703561855DB2A003DABE1</string>
				<string>83F703551855DB1A003DABE1</string>
				<string>83BAB9221855C0AC004A7BFB</string>
				<string>83BAB9391855C0AD004A7BFB</string>
			</array>
			<key>isa</key>
			<string>PBXGroup</string>
			<key>path</key>
			<string>Digipost</string>
			<key>sourceTree</key>
			<string>&lt;group&gt;</string>
		</dict>
		<key>83BAB9221855C0AC004A7BFB</key>
		<dict>
			<key>children</key>
			<array>
				<string>83BAB92A1855C0AC004A7BFB</string>
				<string>83BAB92B1855C0AC004A7BFB</string>
				<string>83BAB9231855C0AC004A7BFB</string>
				<string>83A31B0F1855D919007045B9</string>
				<string>83A31B101855D919007045B9</string>
				<string>83BAB9241855C0AC004A7BFB</string>
				<string>83BAB9271855C0AC004A7BFB</string>
				<string>83BAB9291855C0AC004A7BFB</string>
			</array>
			<key>isa</key>
			<string>PBXGroup</string>
			<key>name</key>
			<string>Supporting Files</string>
			<key>sourceTree</key>
			<string>&lt;group&gt;</string>
		</dict>
		<key>83BAB9231855C0AC004A7BFB</key>
		<dict>
			<key>isa</key>
			<string>PBXFileReference</string>
			<key>lastKnownFileType</key>
			<string>text.plist.xml</string>
			<key>path</key>
			<string>Digipost-Info.plist</string>
			<key>sourceTree</key>
			<string>&lt;group&gt;</string>
		</dict>
		<key>83BAB9241855C0AC004A7BFB</key>
		<dict>
			<key>children</key>
			<array>
				<string>83BAB9251855C0AC004A7BFB</string>
			</array>
			<key>isa</key>
			<string>PBXVariantGroup</string>
			<key>name</key>
			<string>InfoPlist.strings</string>
			<key>sourceTree</key>
			<string>&lt;group&gt;</string>
		</dict>
		<key>83BAB9251855C0AC004A7BFB</key>
		<dict>
			<key>isa</key>
			<string>PBXFileReference</string>
			<key>lastKnownFileType</key>
			<string>text.plist.strings</string>
			<key>name</key>
			<string>en</string>
			<key>path</key>
			<string>en.lproj/InfoPlist.strings</string>
			<key>sourceTree</key>
			<string>&lt;group&gt;</string>
		</dict>
		<key>83BAB9261855C0AC004A7BFB</key>
		<dict>
			<key>fileRef</key>
			<string>83BAB9241855C0AC004A7BFB</string>
			<key>isa</key>
			<string>PBXBuildFile</string>
		</dict>
		<key>83BAB9271855C0AC004A7BFB</key>
		<dict>
			<key>isa</key>
			<string>PBXFileReference</string>
			<key>lastKnownFileType</key>
			<string>sourcecode.c.objc</string>
			<key>path</key>
			<string>main.m</string>
			<key>sourceTree</key>
			<string>&lt;group&gt;</string>
		</dict>
		<key>83BAB9281855C0AC004A7BFB</key>
		<dict>
			<key>fileRef</key>
			<string>83BAB9271855C0AC004A7BFB</string>
			<key>isa</key>
			<string>PBXBuildFile</string>
		</dict>
		<key>83BAB9291855C0AC004A7BFB</key>
		<dict>
			<key>isa</key>
			<string>PBXFileReference</string>
			<key>lastKnownFileType</key>
			<string>sourcecode.c.h</string>
			<key>path</key>
			<string>Digipost-Prefix.pch</string>
			<key>sourceTree</key>
			<string>&lt;group&gt;</string>
		</dict>
		<key>83BAB92A1855C0AC004A7BFB</key>
		<dict>
			<key>isa</key>
			<string>PBXFileReference</string>
			<key>lastKnownFileType</key>
			<string>sourcecode.c.h</string>
			<key>path</key>
			<string>SHCAppDelegate.h</string>
			<key>sourceTree</key>
			<string>&lt;group&gt;</string>
		</dict>
		<key>83BAB92B1855C0AC004A7BFB</key>
		<dict>
			<key>isa</key>
			<string>PBXFileReference</string>
			<key>lastKnownFileType</key>
			<string>sourcecode.c.objc</string>
			<key>path</key>
			<string>SHCAppDelegate.m</string>
			<key>sourceTree</key>
			<string>&lt;group&gt;</string>
		</dict>
		<key>83BAB92C1855C0AC004A7BFB</key>
		<dict>
			<key>fileRef</key>
			<string>83BAB92B1855C0AC004A7BFB</string>
			<key>isa</key>
			<string>PBXBuildFile</string>
		</dict>
		<key>83BAB92D1855C0AC004A7BFB</key>
		<dict>
			<key>children</key>
			<array>
				<string>83BAB92E1855C0AC004A7BFB</string>
			</array>
			<key>isa</key>
			<string>PBXVariantGroup</string>
			<key>name</key>
			<string>Main_iPhone.storyboard</string>
			<key>sourceTree</key>
			<string>&lt;group&gt;</string>
		</dict>
		<key>83BAB92E1855C0AC004A7BFB</key>
		<dict>
			<key>isa</key>
			<string>PBXFileReference</string>
			<key>lastKnownFileType</key>
			<string>file.storyboard</string>
			<key>name</key>
			<string>Base</string>
			<key>path</key>
			<string>Base.lproj/Main_iPhone.storyboard</string>
			<key>sourceTree</key>
			<string>&lt;group&gt;</string>
		</dict>
		<key>83BAB92F1855C0AC004A7BFB</key>
		<dict>
			<key>fileRef</key>
			<string>83BAB92D1855C0AC004A7BFB</string>
			<key>isa</key>
			<string>PBXBuildFile</string>
		</dict>
		<key>83BAB9301855C0AC004A7BFB</key>
		<dict>
			<key>children</key>
			<array>
				<string>83BAB9311855C0AC004A7BFB</string>
			</array>
			<key>isa</key>
			<string>PBXVariantGroup</string>
			<key>name</key>
			<string>Main_iPad.storyboard</string>
			<key>sourceTree</key>
			<string>&lt;group&gt;</string>
		</dict>
		<key>83BAB9311855C0AC004A7BFB</key>
		<dict>
			<key>isa</key>
			<string>PBXFileReference</string>
			<key>lastKnownFileType</key>
			<string>file.storyboard</string>
			<key>name</key>
			<string>Base</string>
			<key>path</key>
			<string>Base.lproj/Main_iPad.storyboard</string>
			<key>sourceTree</key>
			<string>&lt;group&gt;</string>
		</dict>
		<key>83BAB9321855C0AC004A7BFB</key>
		<dict>
			<key>fileRef</key>
			<string>83BAB9301855C0AC004A7BFB</string>
			<key>isa</key>
			<string>PBXBuildFile</string>
		</dict>
		<key>83BAB9331855C0AC004A7BFB</key>
		<dict>
			<key>isa</key>
			<string>PBXFileReference</string>
			<key>lastKnownFileType</key>
			<string>sourcecode.c.h</string>
			<key>path</key>
			<string>SHCMasterViewController.h</string>
			<key>sourceTree</key>
			<string>&lt;group&gt;</string>
		</dict>
		<key>83BAB9341855C0AC004A7BFB</key>
		<dict>
			<key>isa</key>
			<string>PBXFileReference</string>
			<key>lastKnownFileType</key>
			<string>sourcecode.c.objc</string>
			<key>path</key>
			<string>SHCMasterViewController.m</string>
			<key>sourceTree</key>
			<string>&lt;group&gt;</string>
		</dict>
		<key>83BAB9351855C0AC004A7BFB</key>
		<dict>
			<key>fileRef</key>
			<string>83BAB9341855C0AC004A7BFB</string>
			<key>isa</key>
			<string>PBXBuildFile</string>
		</dict>
		<key>83BAB9361855C0AC004A7BFB</key>
		<dict>
			<key>isa</key>
			<string>PBXFileReference</string>
			<key>lastKnownFileType</key>
			<string>sourcecode.c.h</string>
			<key>path</key>
			<string>SHCDetailViewController.h</string>
			<key>sourceTree</key>
			<string>&lt;group&gt;</string>
		</dict>
		<key>83BAB9371855C0AD004A7BFB</key>
		<dict>
			<key>isa</key>
			<string>PBXFileReference</string>
			<key>lastKnownFileType</key>
			<string>sourcecode.c.objc</string>
			<key>path</key>
			<string>SHCDetailViewController.m</string>
			<key>sourceTree</key>
			<string>&lt;group&gt;</string>
		</dict>
		<key>83BAB9381855C0AD004A7BFB</key>
		<dict>
			<key>fileRef</key>
			<string>83BAB9371855C0AD004A7BFB</string>
			<key>isa</key>
			<string>PBXBuildFile</string>
		</dict>
		<key>83BAB9391855C0AD004A7BFB</key>
		<dict>
			<key>isa</key>
			<string>PBXFileReference</string>
			<key>lastKnownFileType</key>
			<string>folder.assetcatalog</string>
			<key>path</key>
			<string>Images.xcassets</string>
			<key>sourceTree</key>
			<string>&lt;group&gt;</string>
		</dict>
		<key>83BAB93A1855C0AD004A7BFB</key>
		<dict>
			<key>fileRef</key>
			<string>83BAB9391855C0AD004A7BFB</string>
			<key>isa</key>
			<string>PBXBuildFile</string>
		</dict>
		<key>83BAB93B1855C0AD004A7BFB</key>
		<dict>
			<key>buildActionMask</key>
			<string>2147483647</string>
			<key>files</key>
			<array>
				<string>83BAB94D1855C0AD004A7BFB</string>
			</array>
			<key>isa</key>
			<string>PBXSourcesBuildPhase</string>
			<key>runOnlyForDeploymentPostprocessing</key>
			<string>0</string>
		</dict>
		<key>83BAB93C1855C0AD004A7BFB</key>
		<dict>
			<key>buildActionMask</key>
			<string>2147483647</string>
			<key>files</key>
			<array>
				<string>83BAB9411855C0AD004A7BFB</string>
				<string>83BAB9431855C0AD004A7BFB</string>
				<string>83BAB9421855C0AD004A7BFB</string>
			</array>
			<key>isa</key>
			<string>PBXFrameworksBuildPhase</string>
			<key>runOnlyForDeploymentPostprocessing</key>
			<string>0</string>
		</dict>
		<key>83BAB93D1855C0AD004A7BFB</key>
		<dict>
			<key>buildActionMask</key>
			<string>2147483647</string>
			<key>files</key>
			<array>
				<string>83BAB94B1855C0AD004A7BFB</string>
			</array>
			<key>isa</key>
			<string>PBXResourcesBuildPhase</string>
			<key>runOnlyForDeploymentPostprocessing</key>
			<string>0</string>
		</dict>
		<key>83BAB93E1855C0AD004A7BFB</key>
		<dict>
			<key>buildConfigurationList</key>
			<string>83BAB9531855C0AD004A7BFB</string>
			<key>buildPhases</key>
			<array>
				<string>83BAB93B1855C0AD004A7BFB</string>
				<string>83BAB93C1855C0AD004A7BFB</string>
				<string>83BAB93D1855C0AD004A7BFB</string>
			</array>
			<key>buildRules</key>
			<array/>
			<key>dependencies</key>
			<array>
				<string>83BAB9451855C0AD004A7BFB</string>
			</array>
			<key>isa</key>
			<string>PBXNativeTarget</string>
			<key>name</key>
			<string>DigipostTests</string>
			<key>productName</key>
			<string>DigipostTests</string>
			<key>productReference</key>
			<string>83BAB93F1855C0AD004A7BFB</string>
			<key>productType</key>
			<string>com.apple.product-type.bundle.unit-test</string>
		</dict>
		<key>83BAB93F1855C0AD004A7BFB</key>
		<dict>
			<key>explicitFileType</key>
			<string>wrapper.cfbundle</string>
			<key>includeInIndex</key>
			<string>0</string>
			<key>isa</key>
			<string>PBXFileReference</string>
			<key>path</key>
			<string>DigipostTests.xctest</string>
			<key>sourceTree</key>
			<string>BUILT_PRODUCTS_DIR</string>
		</dict>
		<key>83BAB9401855C0AD004A7BFB</key>
		<dict>
			<key>isa</key>
			<string>PBXFileReference</string>
			<key>lastKnownFileType</key>
			<string>wrapper.framework</string>
			<key>name</key>
			<string>XCTest.framework</string>
			<key>path</key>
			<string>Library/Frameworks/XCTest.framework</string>
			<key>sourceTree</key>
			<string>DEVELOPER_DIR</string>
		</dict>
		<key>83BAB9411855C0AD004A7BFB</key>
		<dict>
			<key>fileRef</key>
			<string>83BAB9401855C0AD004A7BFB</string>
			<key>isa</key>
			<string>PBXBuildFile</string>
		</dict>
		<key>83BAB9421855C0AD004A7BFB</key>
		<dict>
			<key>fileRef</key>
			<string>83BAB91B1855C0AC004A7BFB</string>
			<key>isa</key>
			<string>PBXBuildFile</string>
		</dict>
		<key>83BAB9431855C0AD004A7BFB</key>
		<dict>
			<key>fileRef</key>
			<string>83BAB91F1855C0AC004A7BFB</string>
			<key>isa</key>
			<string>PBXBuildFile</string>
		</dict>
		<key>83BAB9441855C0AD004A7BFB</key>
		<dict>
			<key>containerPortal</key>
			<string>83BAB9101855C0AC004A7BFB</string>
			<key>isa</key>
			<string>PBXContainerItemProxy</string>
			<key>proxyType</key>
			<string>1</string>
			<key>remoteGlobalIDString</key>
			<string>83BAB9171855C0AC004A7BFB</string>
			<key>remoteInfo</key>
			<string>Digipost</string>
		</dict>
		<key>83BAB9451855C0AD004A7BFB</key>
		<dict>
			<key>isa</key>
			<string>PBXTargetDependency</string>
			<key>target</key>
			<string>83BAB9171855C0AC004A7BFB</string>
			<key>targetProxy</key>
			<string>83BAB9441855C0AD004A7BFB</string>
		</dict>
		<key>83BAB9461855C0AD004A7BFB</key>
		<dict>
			<key>children</key>
			<array>
				<string>83BAB94C1855C0AD004A7BFB</string>
				<string>83BAB9471855C0AD004A7BFB</string>
			</array>
			<key>isa</key>
			<string>PBXGroup</string>
			<key>path</key>
			<string>DigipostTests</string>
			<key>sourceTree</key>
			<string>&lt;group&gt;</string>
		</dict>
		<key>83BAB9471855C0AD004A7BFB</key>
		<dict>
			<key>children</key>
			<array>
				<string>83BAB9481855C0AD004A7BFB</string>
				<string>83BAB9491855C0AD004A7BFB</string>
			</array>
			<key>isa</key>
			<string>PBXGroup</string>
			<key>name</key>
			<string>Supporting Files</string>
			<key>sourceTree</key>
			<string>&lt;group&gt;</string>
		</dict>
		<key>83BAB9481855C0AD004A7BFB</key>
		<dict>
			<key>isa</key>
			<string>PBXFileReference</string>
			<key>lastKnownFileType</key>
			<string>text.plist.xml</string>
			<key>path</key>
			<string>DigipostTests-Info.plist</string>
			<key>sourceTree</key>
			<string>&lt;group&gt;</string>
		</dict>
		<key>83BAB9491855C0AD004A7BFB</key>
		<dict>
			<key>children</key>
			<array>
				<string>83BAB94A1855C0AD004A7BFB</string>
			</array>
			<key>isa</key>
			<string>PBXVariantGroup</string>
			<key>name</key>
			<string>InfoPlist.strings</string>
			<key>sourceTree</key>
			<string>&lt;group&gt;</string>
		</dict>
		<key>83BAB94A1855C0AD004A7BFB</key>
		<dict>
			<key>isa</key>
			<string>PBXFileReference</string>
			<key>lastKnownFileType</key>
			<string>text.plist.strings</string>
			<key>name</key>
			<string>en</string>
			<key>path</key>
			<string>en.lproj/InfoPlist.strings</string>
			<key>sourceTree</key>
			<string>&lt;group&gt;</string>
		</dict>
		<key>83BAB94B1855C0AD004A7BFB</key>
		<dict>
			<key>fileRef</key>
			<string>83BAB9491855C0AD004A7BFB</string>
			<key>isa</key>
			<string>PBXBuildFile</string>
		</dict>
		<key>83BAB94C1855C0AD004A7BFB</key>
		<dict>
			<key>isa</key>
			<string>PBXFileReference</string>
			<key>lastKnownFileType</key>
			<string>sourcecode.c.objc</string>
			<key>path</key>
			<string>DigipostTests.m</string>
			<key>sourceTree</key>
			<string>&lt;group&gt;</string>
		</dict>
		<key>83BAB94D1855C0AD004A7BFB</key>
		<dict>
			<key>fileRef</key>
			<string>83BAB94C1855C0AD004A7BFB</string>
			<key>isa</key>
			<string>PBXBuildFile</string>
		</dict>
		<key>83BAB94E1855C0AD004A7BFB</key>
		<dict>
			<key>buildSettings</key>
			<dict>
				<key>ALWAYS_SEARCH_USER_PATHS</key>
				<string>NO</string>
				<key>ARCHS</key>
				<string>$(ARCHS_STANDARD_INCLUDING_64_BIT)</string>
				<key>CLANG_CXX_LANGUAGE_STANDARD</key>
				<string>gnu++0x</string>
				<key>CLANG_CXX_LIBRARY</key>
				<string>libc++</string>
				<key>CLANG_ENABLE_MODULES</key>
				<string>YES</string>
				<key>CLANG_ENABLE_OBJC_ARC</key>
				<string>YES</string>
				<key>CLANG_WARN_BOOL_CONVERSION</key>
				<string>YES</string>
				<key>CLANG_WARN_CONSTANT_CONVERSION</key>
				<string>YES</string>
				<key>CLANG_WARN_DIRECT_OBJC_ISA_USAGE</key>
				<string>YES_ERROR</string>
				<key>CLANG_WARN_EMPTY_BODY</key>
				<string>YES</string>
				<key>CLANG_WARN_ENUM_CONVERSION</key>
				<string>YES</string>
				<key>CLANG_WARN_INT_CONVERSION</key>
				<string>YES</string>
				<key>CLANG_WARN_OBJC_ROOT_CLASS</key>
				<string>YES_ERROR</string>
				<key>CLANG_WARN__DUPLICATE_METHOD_MATCH</key>
				<string>YES</string>
				<key>CODE_SIGN_IDENTITY[sdk=iphoneos*]</key>
				<string>iPhone Developer</string>
				<key>COPY_PHASE_STRIP</key>
				<string>NO</string>
				<key>GCC_C_LANGUAGE_STANDARD</key>
				<string>gnu99</string>
				<key>GCC_DYNAMIC_NO_PIC</key>
				<string>NO</string>
				<key>GCC_OPTIMIZATION_LEVEL</key>
				<string>0</string>
				<key>GCC_PREPROCESSOR_DEFINITIONS</key>
				<array>
					<string>DEBUG=1</string>
					<string>$(inherited)</string>
				</array>
				<key>GCC_SYMBOLS_PRIVATE_EXTERN</key>
				<string>NO</string>
				<key>GCC_WARN_64_TO_32_BIT_CONVERSION</key>
				<string>YES</string>
				<key>GCC_WARN_ABOUT_RETURN_TYPE</key>
				<string>YES_ERROR</string>
				<key>GCC_WARN_UNDECLARED_SELECTOR</key>
				<string>YES</string>
				<key>GCC_WARN_UNINITIALIZED_AUTOS</key>
				<string>YES</string>
				<key>GCC_WARN_UNUSED_FUNCTION</key>
				<string>YES</string>
				<key>GCC_WARN_UNUSED_VARIABLE</key>
				<string>YES</string>
				<key>IPHONEOS_DEPLOYMENT_TARGET</key>
				<string>7.0</string>
				<key>ONLY_ACTIVE_ARCH</key>
				<string>YES</string>
				<key>SDKROOT</key>
				<string>iphoneos</string>
				<key>TARGETED_DEVICE_FAMILY</key>
				<string>1,2</string>
			</dict>
			<key>isa</key>
			<string>XCBuildConfiguration</string>
			<key>name</key>
			<string>Debug</string>
		</dict>
		<key>83BAB94F1855C0AD004A7BFB</key>
		<dict>
			<key>buildSettings</key>
			<dict>
				<key>ALWAYS_SEARCH_USER_PATHS</key>
				<string>NO</string>
				<key>ARCHS</key>
				<string>$(ARCHS_STANDARD_INCLUDING_64_BIT)</string>
				<key>CLANG_CXX_LANGUAGE_STANDARD</key>
				<string>gnu++0x</string>
				<key>CLANG_CXX_LIBRARY</key>
				<string>libc++</string>
				<key>CLANG_ENABLE_MODULES</key>
				<string>YES</string>
				<key>CLANG_ENABLE_OBJC_ARC</key>
				<string>YES</string>
				<key>CLANG_WARN_BOOL_CONVERSION</key>
				<string>YES</string>
				<key>CLANG_WARN_CONSTANT_CONVERSION</key>
				<string>YES</string>
				<key>CLANG_WARN_DIRECT_OBJC_ISA_USAGE</key>
				<string>YES_ERROR</string>
				<key>CLANG_WARN_EMPTY_BODY</key>
				<string>YES</string>
				<key>CLANG_WARN_ENUM_CONVERSION</key>
				<string>YES</string>
				<key>CLANG_WARN_INT_CONVERSION</key>
				<string>YES</string>
				<key>CLANG_WARN_OBJC_ROOT_CLASS</key>
				<string>YES_ERROR</string>
				<key>CLANG_WARN__DUPLICATE_METHOD_MATCH</key>
				<string>YES</string>
				<key>CODE_SIGN_IDENTITY[sdk=iphoneos*]</key>
				<string>iPhone Developer</string>
				<key>COPY_PHASE_STRIP</key>
				<string>YES</string>
				<key>ENABLE_NS_ASSERTIONS</key>
				<string>NO</string>
				<key>GCC_C_LANGUAGE_STANDARD</key>
				<string>gnu99</string>
				<key>GCC_WARN_64_TO_32_BIT_CONVERSION</key>
				<string>YES</string>
				<key>GCC_WARN_ABOUT_RETURN_TYPE</key>
				<string>YES_ERROR</string>
				<key>GCC_WARN_UNDECLARED_SELECTOR</key>
				<string>YES</string>
				<key>GCC_WARN_UNINITIALIZED_AUTOS</key>
				<string>YES</string>
				<key>GCC_WARN_UNUSED_FUNCTION</key>
				<string>YES</string>
				<key>GCC_WARN_UNUSED_VARIABLE</key>
				<string>YES</string>
				<key>IPHONEOS_DEPLOYMENT_TARGET</key>
				<string>7.0</string>
				<key>SDKROOT</key>
				<string>iphoneos</string>
				<key>TARGETED_DEVICE_FAMILY</key>
				<string>1,2</string>
				<key>VALIDATE_PRODUCT</key>
				<string>YES</string>
			</dict>
			<key>isa</key>
			<string>XCBuildConfiguration</string>
			<key>name</key>
			<string>Release</string>
		</dict>
		<key>83BAB9501855C0AD004A7BFB</key>
		<dict>
			<key>buildConfigurations</key>
			<array>
				<string>83BAB9511855C0AD004A7BFB</string>
				<string>83BAB9521855C0AD004A7BFB</string>
			</array>
			<key>defaultConfigurationIsVisible</key>
			<string>0</string>
			<key>defaultConfigurationName</key>
			<string>Release</string>
			<key>isa</key>
			<string>XCConfigurationList</string>
		</dict>
		<key>83BAB9511855C0AD004A7BFB</key>
		<dict>
			<key>baseConfigurationReference</key>
			<string>1FD5CFF6E9D640CFA120A746</string>
			<key>buildSettings</key>
			<dict>
				<key>ASSETCATALOG_COMPILER_APPICON_NAME</key>
				<string>AppIcon</string>
				<key>ASSETCATALOG_COMPILER_LAUNCHIMAGE_NAME</key>
				<string>LaunchImage</string>
				<key>CODE_SIGN_IDENTITY</key>
				<string>iPhone Developer</string>
				<key>CODE_SIGN_IDENTITY[sdk=iphoneos*]</key>
				<string>iPhone Developer</string>
				<key>GCC_PRECOMPILE_PREFIX_HEADER</key>
				<string>YES</string>
				<key>GCC_PREFIX_HEADER</key>
				<string>Digipost/Digipost-Prefix.pch</string>
				<key>INFOPLIST_FILE</key>
				<string>Digipost/Digipost-Info.plist</string>
				<key>PRODUCT_NAME</key>
				<string>$(TARGET_NAME)</string>
				<key>PROVISIONING_PROFILE</key>
				<string></string>
				<key>WRAPPER_EXTENSION</key>
				<string>app</string>
			</dict>
			<key>isa</key>
			<string>XCBuildConfiguration</string>
			<key>name</key>
			<string>Debug</string>
		</dict>
		<key>83BAB9521855C0AD004A7BFB</key>
		<dict>
			<key>baseConfigurationReference</key>
			<string>1FD5CFF6E9D640CFA120A746</string>
			<key>buildSettings</key>
			<dict>
				<key>ASSETCATALOG_COMPILER_APPICON_NAME</key>
				<string>AppIcon</string>
				<key>ASSETCATALOG_COMPILER_LAUNCHIMAGE_NAME</key>
				<string>LaunchImage</string>
				<key>CODE_SIGN_IDENTITY</key>
				<string>iPhone Developer</string>
				<key>CODE_SIGN_IDENTITY[sdk=iphoneos*]</key>
				<string>iPhone Developer</string>
				<key>GCC_PRECOMPILE_PREFIX_HEADER</key>
				<string>YES</string>
				<key>GCC_PREFIX_HEADER</key>
				<string>Digipost/Digipost-Prefix.pch</string>
				<key>INFOPLIST_FILE</key>
				<string>Digipost/Digipost-Info.plist</string>
				<key>PRODUCT_NAME</key>
				<string>$(TARGET_NAME)</string>
				<key>PROVISIONING_PROFILE</key>
				<string></string>
				<key>WRAPPER_EXTENSION</key>
				<string>app</string>
			</dict>
			<key>isa</key>
			<string>XCBuildConfiguration</string>
			<key>name</key>
			<string>Release</string>
		</dict>
		<key>83BAB9531855C0AD004A7BFB</key>
		<dict>
			<key>buildConfigurations</key>
			<array>
				<string>83BAB9541855C0AD004A7BFB</string>
				<string>83BAB9551855C0AD004A7BFB</string>
			</array>
			<key>defaultConfigurationIsVisible</key>
			<string>0</string>
			<key>defaultConfigurationName</key>
			<string>Release</string>
			<key>isa</key>
			<string>XCConfigurationList</string>
		</dict>
		<key>83BAB9541855C0AD004A7BFB</key>
		<dict>
			<key>buildSettings</key>
			<dict>
				<key>ARCHS</key>
				<string>$(ARCHS_STANDARD_INCLUDING_64_BIT)</string>
				<key>BUNDLE_LOADER</key>
				<string>$(BUILT_PRODUCTS_DIR)/Digipost.app/Digipost</string>
				<key>FRAMEWORK_SEARCH_PATHS</key>
				<array>
					<string>$(SDKROOT)/Developer/Library/Frameworks</string>
					<string>$(inherited)</string>
					<string>$(DEVELOPER_FRAMEWORKS_DIR)</string>
				</array>
				<key>GCC_PRECOMPILE_PREFIX_HEADER</key>
				<string>YES</string>
				<key>GCC_PREFIX_HEADER</key>
				<string>Digipost/Digipost-Prefix.pch</string>
				<key>GCC_PREPROCESSOR_DEFINITIONS</key>
				<array>
					<string>DEBUG=1</string>
					<string>$(inherited)</string>
				</array>
				<key>INFOPLIST_FILE</key>
				<string>DigipostTests/DigipostTests-Info.plist</string>
				<key>PRODUCT_NAME</key>
				<string>$(TARGET_NAME)</string>
				<key>TEST_HOST</key>
				<string>$(BUNDLE_LOADER)</string>
				<key>WRAPPER_EXTENSION</key>
				<string>xctest</string>
			</dict>
			<key>isa</key>
			<string>XCBuildConfiguration</string>
			<key>name</key>
			<string>Debug</string>
		</dict>
		<key>83BAB9551855C0AD004A7BFB</key>
		<dict>
			<key>buildSettings</key>
			<dict>
				<key>ARCHS</key>
				<string>$(ARCHS_STANDARD_INCLUDING_64_BIT)</string>
				<key>BUNDLE_LOADER</key>
				<string>$(BUILT_PRODUCTS_DIR)/Digipost.app/Digipost</string>
				<key>FRAMEWORK_SEARCH_PATHS</key>
				<array>
					<string>$(SDKROOT)/Developer/Library/Frameworks</string>
					<string>$(inherited)</string>
					<string>$(DEVELOPER_FRAMEWORKS_DIR)</string>
				</array>
				<key>GCC_PRECOMPILE_PREFIX_HEADER</key>
				<string>YES</string>
				<key>GCC_PREFIX_HEADER</key>
				<string>Digipost/Digipost-Prefix.pch</string>
				<key>INFOPLIST_FILE</key>
				<string>DigipostTests/DigipostTests-Info.plist</string>
				<key>PRODUCT_NAME</key>
				<string>$(TARGET_NAME)</string>
				<key>TEST_HOST</key>
				<string>$(BUNDLE_LOADER)</string>
				<key>WRAPPER_EXTENSION</key>
				<string>xctest</string>
			</dict>
			<key>isa</key>
			<string>XCBuildConfiguration</string>
			<key>name</key>
			<string>Release</string>
		</dict>
		<key>83F703551855DB1A003DABE1</key>
		<dict>
			<key>children</key>
			<array>
				<string>83BAB92D1855C0AC004A7BFB</string>
				<string>83BAB9301855C0AC004A7BFB</string>
			</array>
			<key>isa</key>
			<string>PBXGroup</string>
			<key>name</key>
			<string>Storyboards</string>
			<key>sourceTree</key>
			<string>&lt;group&gt;</string>
		</dict>
		<key>83F703561855DB2A003DABE1</key>
		<dict>
			<key>children</key>
			<array>
				<string>83BAB9331855C0AC004A7BFB</string>
				<string>83BAB9341855C0AC004A7BFB</string>
				<string>83BAB9361855C0AC004A7BFB</string>
				<string>83BAB9371855C0AD004A7BFB</string>
			</array>
			<key>isa</key>
			<string>PBXGroup</string>
			<key>name</key>
			<string>Controllers</string>
			<key>sourceTree</key>
			<string>&lt;group&gt;</string>
		</dict>
		<key>A63ABFE4BDB4469FA891B1A2</key>
		<dict>
			<key>buildActionMask</key>
			<string>2147483647</string>
			<key>files</key>
			<array/>
			<key>inputPaths</key>
			<array/>
			<key>isa</key>
			<string>PBXShellScriptBuildPhase</string>
			<key>name</key>
			<string>Check Pods Manifest.lock</string>
			<key>outputPaths</key>
			<array/>
			<key>runOnlyForDeploymentPostprocessing</key>
			<string>0</string>
			<key>shellPath</key>
			<string>/bin/sh</string>
			<key>shellScript</key>
			<string>diff "${PODS_ROOT}/../Podfile.lock" "${PODS_ROOT}/Manifest.lock" &gt; /dev/null
if [[ $? != 0 ]] ; then
    cat &lt;&lt; EOM
error: The sandbox is not in sync with the Podfile.lock. Run 'pod install' or update your CocoaPods installation.
EOM
    exit 1
fi
</string>
			<key>showEnvVarsInLog</key>
			<string>0</string>
		</dict>
		<key>B53E0CB674C74B2995E8222D</key>
		<dict>
			<key>fileRef</key>
			<string>42F417BB1E1843FEBA11CCC7</string>
			<key>isa</key>
			<string>PBXBuildFile</string>
		</dict>
		<key>E902CF5D7D404E379E086565</key>
		<dict>
			<key>buildActionMask</key>
			<string>2147483647</string>
			<key>files</key>
			<array/>
			<key>inputPaths</key>
			<array/>
			<key>isa</key>
			<string>PBXShellScriptBuildPhase</string>
			<key>name</key>
			<string>Copy Pods Resources</string>
			<key>outputPaths</key>
			<array/>
			<key>runOnlyForDeploymentPostprocessing</key>
			<string>0</string>
			<key>shellPath</key>
			<string>/bin/sh</string>
			<key>shellScript</key>
			<string>"${SRCROOT}/Pods/Pods-resources.sh"
</string>
			<key>showEnvVarsInLog</key>
			<string>0</string>
		</dict>
	</dict>
	<key>rootObject</key>
	<string>83BAB9101855C0AC004A7BFB</string>
</dict>
</plist>
