PODS:
  - AFNetworking (2.5.4):
    - AFNetworking/NSURLConnection (= 2.5.4)
    - AFNetworking/NSURLSession (= 2.5.4)
    - AFNetworking/Reachability (= 2.5.4)
    - AFNetworking/Security (= 2.5.4)
    - AFNetworking/Serialization (= 2.5.4)
    - AFNetworking/UIKit (= 2.5.4)
  - AFNetworking/NSURLConnection (2.5.4):
    - AFNetworking/Reachability
    - AFNetworking/Security
    - AFNetworking/Serialization
  - AFNetworking/NSURLSession (2.5.4):
    - AFNetworking/Reachability
    - AFNetworking/Security
    - AFNetworking/Serialization
  - AFNetworking/Reachability (2.5.4)
  - AFNetworking/Security (2.5.4)
  - AFNetworking/Serialization (2.5.4)
  - AFNetworking/UIKit (2.5.4):
    - AFNetworking/NSURLConnection
    - AFNetworking/NSURLSession
  - AHKActionSheet (0.2.0)
  - Alamofire (3.1.4)
  - Cartography (0.6.0)
  - GGLInstanceID (1.1.6)
  - Google/CloudMessaging (2.0.3):
    - GGLInstanceID (~> 1.0)
    - Google/Core
    - GoogleCloudMessaging (~> 1.0)
  - Google/Core (2.0.3):
    - GoogleInterchangeUtilities (~> 1.0)
    - GoogleNetworkingUtilities (~> 1.0)
    - GoogleSymbolUtilities (~> 1.0)
    - GoogleUtilities (~> 1.1)
  - GoogleCloudMessaging (1.2.0):
    - GoogleInterchangeUtilities (~> 1.0)
    - GoogleIPhoneUtilities (~> 1.0)
    - GoogleSymbolUtilities (~> 1.0)
  - GoogleInterchangeUtilities (1.2.0):
    - GoogleSymbolUtilities (~> 1.0)
  - GoogleIPhoneUtilities (1.2.0):
    - GoogleSymbolUtilities (~> 1.0)
    - GoogleUtilities (~> 1.0)
  - GoogleNetworkingUtilities (1.2.0):
    - GoogleSymbolUtilities (~> 1.0)
  - GoogleSymbolUtilities (1.1.0)
  - GoogleUtilities (1.2.0):
    - GoogleSymbolUtilities (~> 1.0)
  - LUKeychainAccess (1.2.5)
  - MRProgress (0.4.3):
    - MRProgress/ActivityIndicator (= 0.4.3)
    - MRProgress/Blur (= 0.4.3)
    - MRProgress/Circular (= 0.4.3)
    - MRProgress/Helper (= 0.4.3)
    - MRProgress/Icons (= 0.4.3)
    - MRProgress/MessageInterceptor (= 0.4.3)
    - MRProgress/NavigationBarProgress (= 0.4.3)
    - MRProgress/Overlay (= 0.4.3)
    - MRProgress/Stopable (= 0.4.3)
    - MRProgress/WeakProxy (= 0.4.3)
  - MRProgress/ActivityIndicator (0.4.3):
    - MRProgress/Stopable
  - MRProgress/Blur (0.4.3):
    - MRProgress/Helper
  - MRProgress/Circular (0.4.3):
    - MRProgress/Helper
    - MRProgress/Stopable
  - MRProgress/Helper (0.4.3)
  - MRProgress/Icons (0.4.3)
  - MRProgress/MessageInterceptor (0.4.3)
  - MRProgress/NavigationBarProgress (0.4.3)
  - MRProgress/Overlay (0.4.3):
    - MRProgress/ActivityIndicator
    - MRProgress/Blur
    - MRProgress/Circular
    - MRProgress/Helper
    - MRProgress/Icons
  - MRProgress/Stopable (0.4.3):
    - MRProgress/Helper
  - MRProgress/WeakProxy (0.4.3)
  - RNCryptor (2.2)
  - SingleLineKeyboardResize (0.1.2)
  - SingleLineShakeAnimation (0.0.4)
  - UIActionSheet+Blocks (0.9)
  - UIAlertView+Blocks (0.9)

DEPENDENCIES:
  - AFNetworking (~> 2.5.4)
  - AHKActionSheet (from `https://github.com/haaakon/AHKActionSheet.git`, commit `84f116697e8187fb7f654d771df64690dd8860eb`)
  - Alamofire (~> 3.1.4)
  - Cartography (~> 0.6.0)
  - Google/CloudMessaging
  - LUKeychainAccess (~> 1.2.0)
  - MRProgress (~> 0.4.3)
  - RNCryptor (~> 2.2)
  - SingleLineKeyboardResize (from `https://github.com/haaakon/SingleLineKeyboardResize`,
    branch `master`)
  - SingleLineShakeAnimation (from `https://github.com/haaakon/SingleLineShakeAnimation`,
    branch `master`)
  - UIActionSheet+Blocks (~> 0.8)
  - UIAlertView+Blocks (~> 0.8)

EXTERNAL SOURCES:
  AHKActionSheet:
    :commit: 84f116697e8187fb7f654d771df64690dd8860eb
    :git: https://github.com/haaakon/AHKActionSheet.git
  SingleLineKeyboardResize:
    :branch: master
    :git: https://github.com/haaakon/SingleLineKeyboardResize
  SingleLineShakeAnimation:
    :branch: master
    :git: https://github.com/haaakon/SingleLineShakeAnimation

CHECKOUT OPTIONS:
  AHKActionSheet:
    :commit: 84f116697e8187fb7f654d771df64690dd8860eb
    :git: https://github.com/haaakon/AHKActionSheet.git
  SingleLineKeyboardResize:
    :commit: 08fb3a22efbe4a5c737a83be8764803181ab71cd
    :git: https://github.com/haaakon/SingleLineKeyboardResize
  SingleLineShakeAnimation:
    :commit: e5bbc52ca4be384253a4a24b0681f96270885feb
    :git: https://github.com/haaakon/SingleLineShakeAnimation

SPEC CHECKSUMS:
  AFNetworking: 05edc0ac4c4c8cf57bcf4b84be5b0744b6d8e71e
  AHKActionSheet: 0007752e10683a3752e6f1abbd50af5d1b075f0d
  Alamofire: fbc829692f351fa1d8a31dd75fd7f7f56fea31fb
  Cartography: 70af183a248547694a8cfaa6b989cb7e04589985
  GGLInstanceID: f92465924a9b8a48f712829d22e223653ab8dc72
  Google: 61379f0072bc561a7e174d23a6cbe41bd6d8599c
  GoogleCloudMessaging: f37ea14dd0f41d4d889c10b5559dd35bbfd9ac26
  GoogleInterchangeUtilities: 427382e42d8a340038bec37c6fdfd316e14b5fa2
  GoogleIPhoneUtilities: 1c2996078f079d2fc54453dbd13eaf5523666550
  GoogleNetworkingUtilities: ec1e9911aca811eb18b7144394fee6168b607785
  GoogleSymbolUtilities: eb3965ea12710569c7b80db198a39e39b18613f7
  GoogleUtilities: 85f8ad6b251544286a97163133d042ec95f889c5
  LUKeychainAccess: d22fc00b33ad92c7532962b86daa94c14b85ecbe
  MRProgress: c82426f06ff685f8b684e604b7ac395bbc9fc06e
  RNCryptor: c68678461a2c7474a55db9a6a98834c22d51f535
  SingleLineKeyboardResize: bc07bf854e3f57f4485fa5e62267e1590b5c879a
  SingleLineShakeAnimation: b5b4303cbff8a786c6fef2c16799ff7c8b511278
  UIActionSheet+Blocks: e180b7dad0a721ab7f212ac9742af799008bb358
  UIAlertView+Blocks: a46c99c5144f6c5dbc7d62fd2a0678daceec89a3

COCOAPODS: 0.39.0
