PODS:
  - AFNetworking (2.5.1):
    - AFNetworking/NSURLConnection (= 2.5.1)
    - AFNetworking/NSURLSession (= 2.5.1)
    - AFNetworking/Reachability (= 2.5.1)
    - AFNetworking/Security (= 2.5.1)
    - AFNetworking/Serialization (= 2.5.1)
    - AFNetworking/UIKit (= 2.5.1)
  - AFNetworking/NSURLConnection (2.5.1):
    - AFNetworking/Reachability
    - AFNetworking/Security
    - AFNetworking/Serialization
  - AFNetworking/NSURLSession (2.5.1):
    - AFNetworking/Reachability
    - AFNetworking/Security
    - AFNetworking/Serialization
  - AFNetworking/Reachability (2.5.1)
  - AFNetworking/Security (2.5.1)
  - AFNetworking/Serialization (2.5.1)
  - AFNetworking/UIKit (2.5.1):
    - AFNetworking/NSURLConnection
    - AFNetworking/NSURLSession
  - AHKActionSheet (0.2.0)
  - Alamofire (1.1.4)
  - KIF (3.1.2):
    - KIF/XCTest (= 3.1.2)
  - KIF/XCTest (3.1.2)
  - LUKeychainAccess (1.2.2)
  - MRProgress (0.4.3):
    - MRProgress/ActivityIndicator (= 0.4.3)
    - MRProgress/Blur (= 0.4.3)
    - MRProgress/Circular (= 0.4.3)
    - MRProgress/Helper (= 0.4.3)
    - MRProgress/Icons (= 0.4.3)
    - MRProgress/MessageInterceptor (= 0.4.3)
    - MRProgress/NavigationBarProgress (= 0.4.3)
    - MRProgress/Overlay (= 0.4.3)
    - MRProgress/Stopable (= 0.4.3)
    - MRProgress/WeakProxy (= 0.4.3)
  - MRProgress/ActivityIndicator (0.4.3):
    - MRProgress/Stopable
  - MRProgress/Blur (0.4.3):
    - MRProgress/Helper
  - MRProgress/Circular (0.4.3):
    - MRProgress/Helper
    - MRProgress/Stopable
  - MRProgress/Helper (0.4.3)
  - MRProgress/Icons (0.4.3)
  - MRProgress/MessageInterceptor (0.4.3)
  - MRProgress/NavigationBarProgress (0.4.3)
  - MRProgress/Overlay (0.4.3):
    - MRProgress/ActivityIndicator
    - MRProgress/Blur
    - MRProgress/Circular
    - MRProgress/Helper
    - MRProgress/Icons
  - MRProgress/Stopable (0.4.3):
    - MRProgress/Helper
  - MRProgress/WeakProxy (0.4.3)
  - RNCryptor (2.2)
  - UIActionSheet+Blocks (0.8.1)
  - UIAlertView+Blocks (0.8.1)

DEPENDENCIES:
  - AFNetworking (~> 2.5.0)
  - AHKActionSheet (from `https://github.com/haaakon/AHKActionSheet.git`, commit `84f116697e8187fb7f654d771df64690dd8860eb`)
  - Alamofire (~> 1.1)
  - KIF (~> 3.0)
  - LUKeychainAccess (~> 1.2.0)
  - MRProgress (~> 0.4.3)
  - RNCryptor (~> 2.2)
  - UIActionSheet+Blocks (~> 0.8)
  - UIAlertView+Blocks (~> 0.8)

EXTERNAL SOURCES:
  AHKActionSheet:
    :commit: 84f116697e8187fb7f654d771df64690dd8860eb
    :git: https://github.com/haaakon/AHKActionSheet.git

CHECKOUT OPTIONS:
  AHKActionSheet:
    :commit: 84f116697e8187fb7f654d771df64690dd8860eb
    :git: https://github.com/haaakon/AHKActionSheet.git

SPEC CHECKSUMS:
  AFNetworking: 10e85a00bb0f475124e4ff2677bf15693b2c1523
  AHKActionSheet: 0007752e10683a3752e6f1abbd50af5d1b075f0d
  Alamofire: 6a2cbaebe78a6d469bc55ee37f0a24ba22af76ac
  KIF: e08915d78a220480599837e9a760deee64453d76
  LUKeychainAccess: 708702536726877384ecc4cf2f2040ad393038ba
  MRProgress: c82426f06ff685f8b684e604b7ac395bbc9fc06e
  RNCryptor: 4f562062c39f288b99601674f2c50dd44b68d58a
  UIActionSheet+Blocks: c8b9c02f3d08964e8f7a4202f004a639c15eab80
  UIAlertView+Blocks: 0b749f1f7bd5131ff2233b30a406c1585a7171b2

COCOAPODS: 0.36.3
