<?xml version="1.0" encoding="UTF-8"?>
<Scheme
   LastUpgradeVersion = "0720"
   version = "1.7">
   <BuildAction
      parallelizeBuildables = "YES"
      buildImplicitDependencies = "YES">
      <BuildActionEntries>
         <BuildActionEntry
            buildForTesting = "YES"
            buildForRunning = "YES"
            buildForProfiling = "YES"
            buildForArchiving = "YES"
            buildForAnalyzing = "YES">
            <BuildableReference
               BuildableIdentifier = "primary"
               BlueprintIdentifier = "8375DD351855C383009435B4"
               BuildableName = "Digipost-Test-Dpost.app"
               BlueprintName = "Digipost-Test-Dpost"
               ReferencedContainer = "container:Digipost.xcodeproj">
            </BuildableReference>
         </BuildActionEntry>
         <BuildActionEntry
            buildForTesting = "YES"
            buildForRunning = "YES"
            buildForProfiling = "NO"
            buildForArchiving = "NO"
            buildForAnalyzing = "YES">
            <BuildableReference
               BuildableIdentifier = "primary"
               BlueprintIdentifier = "EC56AABD1A24C7BA00720109"
               BuildableName = "Digipost-Test-Dpost Tests.xctest"
               BlueprintName = "Digipost-Test-Dpost Tests"
               ReferencedContainer = "container:Digipost.xcodeproj">
            </BuildableReference>
         </BuildActionEntry>
         <BuildActionEntry
            buildForTesting = "YES"
            buildForRunning = "YES"
            buildForProfiling = "YES"
            buildForArchiving = "YES"
            buildForAnalyzing = "YES">
            <BuildableReference
               BuildableIdentifier = "primary"
               BlueprintIdentifier = "EC0D2D251AE786A800595A61"
               BuildableName = "Digipost-Camelon.app"
               BlueprintName = "Digipost-Camelon"
               ReferencedContainer = "container:Digipost.xcodeproj">
            </BuildableReference>
         </BuildActionEntry>
      </BuildActionEntries>
   </BuildAction>
   <TestAction
      buildConfiguration = "Debug"
      selectedDebuggerIdentifier = "Xcode.DebuggerFoundation.Debugger.LLDB"
      selectedLauncherIdentifier = "Xcode.DebuggerFoundation.Launcher.LLDB"
      shouldUseLaunchSchemeArgsEnv = "YES">
      <Testables>
         <TestableReference
            skipped = "NO">
            <BuildableReference
               BuildableIdentifier = "primary"
               BlueprintIdentifier = "EC56AABD1A24C7BA00720109"
               BuildableName = "Digipost-Test-Dpost Tests.xctest"
               BlueprintName = "Digipost-Test-Dpost Tests"
               ReferencedContainer = "container:Digipost.xcodeproj">
            </BuildableReference>
         </TestableReference>
      </Testables>
      <MacroExpansion>
         <BuildableReference
            BuildableIdentifier = "primary"
            BlueprintIdentifier = "EC0D2D251AE786A800595A61"
            BuildableName = "Digipost-Camelon.app"
            BlueprintName = "Digipost-Camelon"
            ReferencedContainer = "container:Digipost.xcodeproj">
         </BuildableReference>
      </MacroExpansion>
      <AdditionalOptions>
      </AdditionalOptions>
   </TestAction>
   <LaunchAction
      buildConfiguration = "Debug"
      selectedDebuggerIdentifier = "Xcode.DebuggerFoundation.Debugger.LLDB"
      selectedLauncherIdentifier = "Xcode.DebuggerFoundation.Launcher.LLDB"
      launchStyle = "0"
      useCustomWorkingDirectory = "NO"
      ignoresPersistentStateOnLaunch = "NO"
      debugDocumentVersioning = "YES"
      debugServiceExtension = "internal"
      allowLocationSimulation = "YES">
      <BuildableProductRunnable
         runnableDebuggingMode = "0">
         <BuildableReference
            BuildableIdentifier = "primary"
            BlueprintIdentifier = "EC0D2D251AE786A800595A61"
            BuildableName = "Digipost-Camelon.app"
            BlueprintName = "Digipost-Camelon"
            ReferencedContainer = "container:Digipost.xcodeproj">
         </BuildableReference>
      </BuildableProductRunnable>
      <EnvironmentVariables>
         <EnvironmentVariable
            key = "XcodeColors"
            value = "YES"
            isEnabled = "YES">
         </EnvironmentVariable>
      </EnvironmentVariables>
      <AdditionalOptions>
      </AdditionalOptions>
      <LocationScenarioReference
         identifier = "com.apple.dt.IDEFoundation.CurrentLocationScenarioIdentifier"
         referenceType = "1">
      </LocationScenarioReference>
   </LaunchAction>
   <ProfileAction
      buildConfiguration = "Release"
      shouldUseLaunchSchemeArgsEnv = "YES"
      savedToolIdentifier = ""
      useCustomWorkingDirectory = "NO"
      debugDocumentVersioning = "YES">
      <BuildableProductRunnable
         runnableDebuggingMode = "0">
         <BuildableReference
            BuildableIdentifier = "primary"
            BlueprintIdentifier = "8375DD351855C383009435B4"
            BuildableName = "Digipost-Test-Dpost.app"
            BlueprintName = "Digipost-Test-Dpost"
            ReferencedContainer = "container:Digipost.xcodeproj">
         </BuildableReference>
      </BuildableProductRunnable>
   </ProfileAction>
   <AnalyzeAction
      buildConfiguration = "Debug">
   </AnalyzeAction>
   <ArchiveAction
      buildConfiguration = "Release"
      revealArchiveInOrganizer = "YES">
   </ArchiveAction>
</Scheme>
